// !$*UTF8*$!
{
	archiveVersion = 1;
	classes = {
	};
	objectVersion = 56;
	objects = {

/* Begin PBXBuildFile section */
		CE05229D2C0F6A4200840AB9 /* Day.swift in Sources */ = {isa = PBXBuildFile; fileRef = CE05229C2C0F6A4200840AB9 /* Day.swift */; };
		CE07BA0E2E0351510059CAC6 /* StreakCalculatorTests.swift in Sources */ = {isa = PBXBuildFile; fileRef = CE07BA0D2E0351510059CAC6 /* StreakCalculatorTests.swift */; };
		CE07BA102E041ABE0059CAC6 /* UserDefaultsProviding.swift in Sources */ = {isa = PBXBuildFile; fileRef = CE07BA0F2E041ABE0059CAC6 /* UserDefaultsProviding.swift */; };
		CE07BA112E041ABE0059CAC6 /* UserDefaultsProviding.swift in Sources */ = {isa = PBXBuildFile; fileRef = CE07BA0F2E041ABE0059CAC6 /* UserDefaultsProviding.swift */; };
		CE07BA142E05AF930059CAC6 /* UserSettings.swift in Sources */ = {isa = PBXBuildFile; fileRef = CE07BA132E05AF930059CAC6 /* UserSettings.swift */; };
		CE07BA152E05AF930059CAC6 /* SyncConflict.swift in Sources */ = {isa = PBXBuildFile; fileRef = CE07BA122E05AF930059CAC6 /* SyncConflict.swift */; };
		CE07BA162E05AF930059CAC6 /* UserSettings.swift in Sources */ = {isa = PBXBuildFile; fileRef = CE07BA132E05AF930059CAC6 /* UserSettings.swift */; };
		CE07BA172E05AF930059CAC6 /* SyncConflict.swift in Sources */ = {isa = PBXBuildFile; fileRef = CE07BA122E05AF930059CAC6 /* SyncConflict.swift */; };
		CE1E00CA2E03407500331C7D /* DrinkRecord+Extensions.swift in Sources */ = {isa = PBXBuildFile; fileRef = CE1E00C92E03407500331C7D /* DrinkRecord+Extensions.swift */; };
		CE1E00CB2E03407500331C7D /* DrinkLimitCalculator.swift in Sources */ = {isa = PBXBuildFile; fileRef = CE1E00C82E03407500331C7D /* DrinkLimitCalculator.swift */; };
		CE1E00CC2E03407500331C7D /* DrinkRecord+Extensions.swift in Sources */ = {isa = PBXBuildFile; fileRef = CE1E00C92E03407500331C7D /* DrinkRecord+Extensions.swift */; };
		CE1E00CD2E03407500331C7D /* DrinkLimitCalculator.swift in Sources */ = {isa = PBXBuildFile; fileRef = CE1E00C82E03407500331C7D /* DrinkLimitCalculator.swift */; };
		CE1E00CF2E0340F800331C7D /* LimitsSection.swift in Sources */ = {isa = PBXBuildFile; fileRef = CE1E00CE2E0340F800331C7D /* LimitsSection.swift */; };
		CE1E00D02E0340F800331C7D /* LimitsSection.swift in Sources */ = {isa = PBXBuildFile; fileRef = CE1E00CE2E0340F800331C7D /* LimitsSection.swift */; };
		CE1E00D22E03411D00331C7D /* StreaksSection.swift in Sources */ = {isa = PBXBuildFile; fileRef = CE1E00D12E03411D00331C7D /* StreaksSection.swift */; };
		CE1E00D32E03411D00331C7D /* StreaksSection.swift in Sources */ = {isa = PBXBuildFile; fileRef = CE1E00D12E03411D00331C7D /* StreaksSection.swift */; };
		CE1E00D52E03414100331C7D /* ActionsSection.swift in Sources */ = {isa = PBXBuildFile; fileRef = CE1E00D42E03414100331C7D /* ActionsSection.swift */; };
		CE1E00D62E03414100331C7D /* ActionsSection.swift in Sources */ = {isa = PBXBuildFile; fileRef = CE1E00D42E03414100331C7D /* ActionsSection.swift */; };
		CE1E00D82E03462E00331C7D /* MainScreenBusinessLogic.swift in Sources */ = {isa = PBXBuildFile; fileRef = CE1E00D72E03462E00331C7D /* MainScreenBusinessLogic.swift */; };
		CE1E00D92E03462E00331C7D /* MainScreenBusinessLogic.swift in Sources */ = {isa = PBXBuildFile; fileRef = CE1E00D72E03462E00331C7D /* MainScreenBusinessLogic.swift */; };
		CE1E00DD2E034B3800331C7D /* MainScreenBusinessLogicTests.swift in Sources */ = {isa = PBXBuildFile; fileRef = CE1E00DC2E034B3800331C7D /* MainScreenBusinessLogicTests.swift */; };
		CE2638FA2BED28CB000B7CDD /* HealthStoreManager.swift in Sources */ = {isa = PBXBuildFile; fileRef = CE2638F92BED28CB000B7CDD /* HealthStoreManager.swift */; };
		CE3DACE62BDFD49A00BB52EA /* ChartView.swift in Sources */ = {isa = PBXBuildFile; fileRef = CE3DACE52BDFD49A00BB52EA /* ChartView.swift */; };
		CE3DACE92BDFD59100BB52EA /* Formatter.swift in Sources */ = {isa = PBXBuildFile; fileRef = CE3DACE82BDFD59100BB52EA /* Formatter.swift */; };
		CE3DACED2BDFE62000BB52EA /* SettingsScreen.swift in Sources */ = {isa = PBXBuildFile; fileRef = CE3DACEC2BDFE62000BB52EA /* SettingsScreen.swift */; };
		CE3ECA2D2BE92BBF0046E242 /* DrinkCalculator.swift in Sources */ = {isa = PBXBuildFile; fileRef = CE3ECA2C2BE92BBF0046E242 /* DrinkCalculator.swift */; };
		CE3ECA2F2BE92BD30046E242 /* DrinkCalculatorTests.swift in Sources */ = {isa = PBXBuildFile; fileRef = CE3ECA2E2BE92BD30046E242 /* DrinkCalculatorTests.swift */; };
		CE3ECA312BE956BB0046E242 /* Ingredient.swift in Sources */ = {isa = PBXBuildFile; fileRef = CE3ECA302BE956BB0046E242 /* Ingredient.swift */; };
		CE4169952BD97FB10028D64A /* DrinkTrackerApp.swift in Sources */ = {isa = PBXBuildFile; fileRef = CE4169942BD97FB10028D64A /* DrinkTrackerApp.swift */; };
		CE4169972BD97FB10028D64A /* MainScreen.swift in Sources */ = {isa = PBXBuildFile; fileRef = CE4169962BD97FB10028D64A /* MainScreen.swift */; };
		CE4169992BD97FB10028D64A /* DrinkRecord.swift in Sources */ = {isa = PBXBuildFile; fileRef = CE4169982BD97FB10028D64A /* DrinkRecord.swift */; };
		CE41699B2BD97FB30028D64A /* Assets.xcassets in Resources */ = {isa = PBXBuildFile; fileRef = CE41699A2BD97FB30028D64A /* Assets.xcassets */; };
		CE41699E2BD97FB30028D64A /* Preview Assets.xcassets in Resources */ = {isa = PBXBuildFile; fileRef = CE41699D2BD97FB30028D64A /* Preview Assets.xcassets */; };
		CE4169C52BD984C40028D64A /* CustomDrink.swift in Sources */ = {isa = PBXBuildFile; fileRef = CE4169C42BD984C40028D64A /* CustomDrink.swift */; };
		CE461A182C2D9919008E6E1B /* DataSynchronizer.swift in Sources */ = {isa = PBXBuildFile; fileRef = CE866B672C1B354D00461411 /* DataSynchronizer.swift */; };
		CE461A1B2C2DA191008E6E1B /* CustomDrinkScreenWatch.swift in Sources */ = {isa = PBXBuildFile; fileRef = CE461A1A2C2DA191008E6E1B /* CustomDrinkScreenWatch.swift */; };
		CE52A1EE2C0106D000BAEBF3 /* IngredientCell.swift in Sources */ = {isa = PBXBuildFile; fileRef = CE52A1ED2C0106D000BAEBF3 /* IngredientCell.swift */; };
		CE52A1F22C010DC800BAEBF3 /* IngredientTests.swift in Sources */ = {isa = PBXBuildFile; fileRef = CE52A1F12C010DC800BAEBF3 /* IngredientTests.swift */; };
		CE55F3D12C1F65CF00E3982B /* QuickEntryView.swift in Sources */ = {isa = PBXBuildFile; fileRef = CE55F3D02C1F65CF00E3982B /* QuickEntryView.swift */; };
		CE59F00A2C3C6E43000C8630 /* Day.swift in Sources */ = {isa = PBXBuildFile; fileRef = CE05229C2C0F6A4200840AB9 /* Day.swift */; };
		CE59F00D2C3C6ECB000C8630 /* DrinksHistoryScreenWatch.swift in Sources */ = {isa = PBXBuildFile; fileRef = CE59F00C2C3C6ECB000C8630 /* DrinksHistoryScreenWatch.swift */; };
		CE59F00F2C3D5DB1000C8630 /* SettingsScreenWatch.swift in Sources */ = {isa = PBXBuildFile; fileRef = CE59F00E2C3D5DB1000C8630 /* SettingsScreenWatch.swift */; };
		CE6610492C23676C006E824D /* VolumeMeasurement.swift in Sources */ = {isa = PBXBuildFile; fileRef = CE6610482C23676C006E824D /* VolumeMeasurement.swift */; };
		CE66104B2C236823006E824D /* AlcoholStrength.swift in Sources */ = {isa = PBXBuildFile; fileRef = CE66104A2C236823006E824D /* AlcoholStrength.swift */; };
		CE66104E2C24C7A2006E824D /* Date+Extensions.swift in Sources */ = {isa = PBXBuildFile; fileRef = CE66104D2C24C7A2006E824D /* Date+Extensions.swift */; };
		CE7BDF2D2C2C817700D260F1 /* CustomDrink.swift in Sources */ = {isa = PBXBuildFile; fileRef = CE4169C42BD984C40028D64A /* CustomDrink.swift */; };
		CE7BDF2E2C2C818E00D260F1 /* DrinkRecord.swift in Sources */ = {isa = PBXBuildFile; fileRef = CE4169982BD97FB10028D64A /* DrinkRecord.swift */; };
		CE7BDF2F2C2C81A300D260F1 /* Date+Extensions.swift in Sources */ = {isa = PBXBuildFile; fileRef = CE66104D2C24C7A2006E824D /* Date+Extensions.swift */; };
		CE7BDF302C2C83EA00D260F1 /* Formatter.swift in Sources */ = {isa = PBXBuildFile; fileRef = CE3DACE82BDFD59100BB52EA /* Formatter.swift */; };
		CE7BDF332C2C850100D260F1 /* QuickEntryViewWatch.swift in Sources */ = {isa = PBXBuildFile; fileRef = CE7BDF322C2C850100D260F1 /* QuickEntryViewWatch.swift */; };
		CE7BDF342C2C87A900D260F1 /* HealthStoreManager.swift in Sources */ = {isa = PBXBuildFile; fileRef = CE2638F92BED28CB000B7CDD /* HealthStoreManager.swift */; };
		CE7BDF352C2C87FC00D260F1 /* StreakCalculator.swift in Sources */ = {isa = PBXBuildFile; fileRef = CED1BC522C2200EF004F45FC /* StreakCalculator.swift */; };
		CE7BDF362C2C883B00D260F1 /* DailyTotal.swift in Sources */ = {isa = PBXBuildFile; fileRef = CEC70BA02C07A35400273E1D /* DailyTotal.swift */; };
		CE866B682C1B354D00461411 /* DataSynchronizer.swift in Sources */ = {isa = PBXBuildFile; fileRef = CE866B672C1B354D00461411 /* DataSynchronizer.swift */; };
		CEB911BB2BD98A7F00224660 /* CalculatorScreen.swift in Sources */ = {isa = PBXBuildFile; fileRef = CEB911BA2BD98A7F00224660 /* CalculatorScreen.swift */; };
		CEB911BF2BDAA73300224660 /* CustomDrinkScreen.swift in Sources */ = {isa = PBXBuildFile; fileRef = CEB911BE2BDAA73300224660 /* CustomDrinkScreen.swift */; };
		CEC70BA12C07A35400273E1D /* DailyTotal.swift in Sources */ = {isa = PBXBuildFile; fileRef = CEC70BA02C07A35400273E1D /* DailyTotal.swift */; };
		CED1BC532C2200EF004F45FC /* StreakCalculator.swift in Sources */ = {isa = PBXBuildFile; fileRef = CED1BC522C2200EF004F45FC /* StreakCalculator.swift */; };
		CEEDC17C2BEBAE420019DF65 /* DrinksHistoryScreen.swift in Sources */ = {isa = PBXBuildFile; fileRef = CEEDC17B2BEBAE420019DF65 /* DrinksHistoryScreen.swift */; };
		CEEDC17E2BEBC47B0019DF65 /* DrinkRecordDetailScreen.swift in Sources */ = {isa = PBXBuildFile; fileRef = CEEDC17D2BEBC47B0019DF65 /* DrinkRecordDetailScreen.swift */; };
		CEF32C3B2C25F81500E40213 /* DrinkTrackerWatchApp.swift in Sources */ = {isa = PBXBuildFile; fileRef = CEF32C3A2C25F81500E40213 /* DrinkTrackerWatchApp.swift */; };
		CEF32C3D2C25F81500E40213 /* ContentView.swift in Sources */ = {isa = PBXBuildFile; fileRef = CEF32C3C2C25F81500E40213 /* ContentView.swift */; };
		CEF32C3F2C25F81700E40213 /* Assets.xcassets in Resources */ = {isa = PBXBuildFile; fileRef = CEF32C3E2C25F81700E40213 /* Assets.xcassets */; };
		CEF32C422C25F81700E40213 /* Preview Assets.xcassets in Resources */ = {isa = PBXBuildFile; fileRef = CEF32C412C25F81700E40213 /* Preview Assets.xcassets */; };
		CEF32C4C2C25F81700E40213 /* DrinkTrackerWatch_Watch_AppTests.swift in Sources */ = {isa = PBXBuildFile; fileRef = CEF32C4B2C25F81700E40213 /* DrinkTrackerWatch_Watch_AppTests.swift */; };
		CEF32C5B2C25F81700E40213 /* Watch.app in Embed Watch Content */ = {isa = PBXBuildFile; fileRef = CEF32C382C25F81500E40213 /* Watch.app */; settings = {ATTRIBUTES = (RemoveHeadersOnCopy, ); }; };
		CEFEF50D2DFB58240056E83A /* AppDelegate.swift in Sources */ = {isa = PBXBuildFile; fileRef = CEFEF50C2DFB58200056E83A /* AppDelegate.swift */; };
		CEFEF50F2DFB583D0056E83A /* SceneDelegate.swift in Sources */ = {isa = PBXBuildFile; fileRef = CEFEF50E2DFB583A0056E83A /* SceneDelegate.swift */; };
		CEFEF5112DFB587E0056E83A /* QuickActionHandler.swift in Sources */ = {isa = PBXBuildFile; fileRef = CEFEF5102DFB58770056E83A /* QuickActionHandler.swift */; };
		CEFEF5122DFB587E0056E83A /* QuickActionHandler.swift in Sources */ = {isa = PBXBuildFile; fileRef = CEFEF5102DFB58770056E83A /* QuickActionHandler.swift */; };
		CEFEF5142DFB58B60056E83A /* QuickActionType.swift in Sources */ = {isa = PBXBuildFile; fileRef = CEFEF5132DFB58B30056E83A /* QuickActionType.swift */; };
		CEFEF5152DFB58B60056E83A /* QuickActionType.swift in Sources */ = {isa = PBXBuildFile; fileRef = CEFEF5132DFB58B30056E83A /* QuickActionType.swift */; };
		CEFEF5172DFB62A70056E83A /* Destination.swift in Sources */ = {isa = PBXBuildFile; fileRef = CEFEF5162DFB62A70056E83A /* Destination.swift */; };
		CEFEF5182DFB62A70056E83A /* Destination.swift in Sources */ = {isa = PBXBuildFile; fileRef = CEFEF5162DFB62A70056E83A /* Destination.swift */; };
		CEFEF51A2E01F2440056E83A /* AppRouter.swift in Sources */ = {isa = PBXBuildFile; fileRef = CEFEF5192E01F2440056E83A /* AppRouter.swift */; };
		CEFEF51B2E01F2440056E83A /* AppRouter.swift in Sources */ = {isa = PBXBuildFile; fileRef = CEFEF5192E01F2440056E83A /* AppRouter.swift */; };
/* End PBXBuildFile section */

/* Begin PBXContainerItemProxy section */
		CE4169A42BD97FB30028D64A /* PBXContainerItemProxy */ = {
			isa = PBXContainerItemProxy;
			containerPortal = CE4169892BD97FB10028D64A /* Project object */;
			proxyType = 1;
			remoteGlobalIDString = CE4169902BD97FB10028D64A;
			remoteInfo = DrinkTracker;
		};
		CEF32C482C25F81700E40213 /* PBXContainerItemProxy */ = {
			isa = PBXContainerItemProxy;
			containerPortal = CE4169892BD97FB10028D64A /* Project object */;
			proxyType = 1;
			remoteGlobalIDString = CEF32C372C25F81500E40213;
			remoteInfo = "DrinkTrackerWatch Watch App";
		};
		CEF32C592C25F81700E40213 /* PBXContainerItemProxy */ = {
			isa = PBXContainerItemProxy;
			containerPortal = CE4169892BD97FB10028D64A /* Project object */;
			proxyType = 1;
			remoteGlobalIDString = CEF32C372C25F81500E40213;
			remoteInfo = "DrinkTrackerWatch Watch App";
		};
/* End PBXContainerItemProxy section */

/* Begin PBXCopyFilesBuildPhase section */
		CEF32C5C2C25F81700E40213 /* Embed Watch Content */ = {
			isa = PBXCopyFilesBuildPhase;
			buildActionMask = 2147483647;
			dstPath = "$(CONTENTS_FOLDER_PATH)/Watch";
			dstSubfolderSpec = 16;
			files = (
				CEF32C5B2C25F81700E40213 /* Watch.app in Embed Watch Content */,
			);
			name = "Embed Watch Content";
			runOnlyForDeploymentPostprocessing = 0;
		};
/* End PBXCopyFilesBuildPhase section */

/* Begin PBXFileReference section */
		CE05229C2C0F6A4200840AB9 /* Day.swift */ = {isa = PBXFileReference; lastKnownFileType = sourcecode.swift; path = Day.swift; sourceTree = "<group>"; };
		CE07BA0D2E0351510059CAC6 /* StreakCalculatorTests.swift */ = {isa = PBXFileReference; lastKnownFileType = sourcecode.swift; path = StreakCalculatorTests.swift; sourceTree = "<group>"; };
		CE07BA0F2E041ABE0059CAC6 /* UserDefaultsProviding.swift */ = {isa = PBXFileReference; lastKnownFileType = sourcecode.swift; path = UserDefaultsProviding.swift; sourceTree = "<group>"; };
		CE07BA122E05AF930059CAC6 /* SyncConflict.swift */ = {isa = PBXFileReference; lastKnownFileType = sourcecode.swift; path = SyncConflict.swift; sourceTree = "<group>"; };
		CE07BA132E05AF930059CAC6 /* UserSettings.swift */ = {isa = PBXFileReference; lastKnownFileType = sourcecode.swift; path = UserSettings.swift; sourceTree = "<group>"; };
		CE1E00C82E03407500331C7D /* DrinkLimitCalculator.swift */ = {isa = PBXFileReference; lastKnownFileType = sourcecode.swift; path = DrinkLimitCalculator.swift; sourceTree = "<group>"; };
		CE1E00C92E03407500331C7D /* DrinkRecord+Extensions.swift */ = {isa = PBXFileReference; lastKnownFileType = sourcecode.swift; path = "DrinkRecord+Extensions.swift"; sourceTree = "<group>"; };
		CE1E00CE2E0340F800331C7D /* LimitsSection.swift */ = {isa = PBXFileReference; lastKnownFileType = sourcecode.swift; path = LimitsSection.swift; sourceTree = "<group>"; };
		CE1E00D12E03411D00331C7D /* StreaksSection.swift */ = {isa = PBXFileReference; lastKnownFileType = sourcecode.swift; path = StreaksSection.swift; sourceTree = "<group>"; };
		CE1E00D42E03414100331C7D /* ActionsSection.swift */ = {isa = PBXFileReference; lastKnownFileType = sourcecode.swift; path = ActionsSection.swift; sourceTree = "<group>"; };
		CE1E00D72E03462E00331C7D /* MainScreenBusinessLogic.swift */ = {isa = PBXFileReference; lastKnownFileType = sourcecode.swift; path = MainScreenBusinessLogic.swift; sourceTree = "<group>"; };
		CE1E00DC2E034B3800331C7D /* MainScreenBusinessLogicTests.swift */ = {isa = PBXFileReference; lastKnownFileType = sourcecode.swift; path = MainScreenBusinessLogicTests.swift; sourceTree = "<group>"; };
		CE2638F92BED28CB000B7CDD /* HealthStoreManager.swift */ = {isa = PBXFileReference; lastKnownFileType = sourcecode.swift; path = HealthStoreManager.swift; sourceTree = "<group>"; };
		CE3DACE52BDFD49A00BB52EA /* ChartView.swift */ = {isa = PBXFileReference; lastKnownFileType = sourcecode.swift; path = ChartView.swift; sourceTree = "<group>"; };
		CE3DACE82BDFD59100BB52EA /* Formatter.swift */ = {isa = PBXFileReference; lastKnownFileType = sourcecode.swift; path = Formatter.swift; sourceTree = "<group>"; };
		CE3DACEC2BDFE62000BB52EA /* SettingsScreen.swift */ = {isa = PBXFileReference; lastKnownFileType = sourcecode.swift; path = SettingsScreen.swift; sourceTree = "<group>"; };
		CE3ECA2C2BE92BBF0046E242 /* DrinkCalculator.swift */ = {isa = PBXFileReference; lastKnownFileType = sourcecode.swift; path = DrinkCalculator.swift; sourceTree = "<group>"; };
		CE3ECA2E2BE92BD30046E242 /* DrinkCalculatorTests.swift */ = {isa = PBXFileReference; lastKnownFileType = sourcecode.swift; path = DrinkCalculatorTests.swift; sourceTree = "<group>"; };
		CE3ECA302BE956BB0046E242 /* Ingredient.swift */ = {isa = PBXFileReference; lastKnownFileType = sourcecode.swift; path = Ingredient.swift; sourceTree = "<group>"; };
		CE4169912BD97FB10028D64A /* DrinkTracker.app */ = {isa = PBXFileReference; explicitFileType = wrapper.application; includeInIndex = 0; path = DrinkTracker.app; sourceTree = BUILT_PRODUCTS_DIR; };
		CE4169942BD97FB10028D64A /* DrinkTrackerApp.swift */ = {isa = PBXFileReference; lastKnownFileType = sourcecode.swift; path = DrinkTrackerApp.swift; sourceTree = "<group>"; };
		CE4169962BD97FB10028D64A /* MainScreen.swift */ = {isa = PBXFileReference; lastKnownFileType = sourcecode.swift; path = MainScreen.swift; sourceTree = "<group>"; };
		CE4169982BD97FB10028D64A /* DrinkRecord.swift */ = {isa = PBXFileReference; lastKnownFileType = sourcecode.swift; path = DrinkRecord.swift; sourceTree = "<group>"; };
		CE41699A2BD97FB30028D64A /* Assets.xcassets */ = {isa = PBXFileReference; lastKnownFileType = folder.assetcatalog; path = Assets.xcassets; sourceTree = "<group>"; };
		CE41699D2BD97FB30028D64A /* Preview Assets.xcassets */ = {isa = PBXFileReference; lastKnownFileType = folder.assetcatalog; path = "Preview Assets.xcassets"; sourceTree = "<group>"; };
		CE4169A32BD97FB30028D64A /* DrinkTrackerTests.xctest */ = {isa = PBXFileReference; explicitFileType = wrapper.cfbundle; includeInIndex = 0; path = DrinkTrackerTests.xctest; sourceTree = BUILT_PRODUCTS_DIR; };
		CE4169C42BD984C40028D64A /* CustomDrink.swift */ = {isa = PBXFileReference; lastKnownFileType = sourcecode.swift; path = CustomDrink.swift; sourceTree = "<group>"; };
		CE461A1A2C2DA191008E6E1B /* CustomDrinkScreenWatch.swift */ = {isa = PBXFileReference; lastKnownFileType = sourcecode.swift; path = CustomDrinkScreenWatch.swift; sourceTree = "<group>"; };
		CE52A1ED2C0106D000BAEBF3 /* IngredientCell.swift */ = {isa = PBXFileReference; lastKnownFileType = sourcecode.swift; path = IngredientCell.swift; sourceTree = "<group>"; };
		CE52A1F12C010DC800BAEBF3 /* IngredientTests.swift */ = {isa = PBXFileReference; lastKnownFileType = sourcecode.swift; path = IngredientTests.swift; sourceTree = "<group>"; };
		CE55F3D02C1F65CF00E3982B /* QuickEntryView.swift */ = {isa = PBXFileReference; lastKnownFileType = sourcecode.swift; path = QuickEntryView.swift; sourceTree = "<group>"; };
		CE59F00C2C3C6ECB000C8630 /* DrinksHistoryScreenWatch.swift */ = {isa = PBXFileReference; lastKnownFileType = sourcecode.swift; path = DrinksHistoryScreenWatch.swift; sourceTree = "<group>"; };
		CE59F00E2C3D5DB1000C8630 /* SettingsScreenWatch.swift */ = {isa = PBXFileReference; lastKnownFileType = sourcecode.swift; path = SettingsScreenWatch.swift; sourceTree = "<group>"; };
		CE5F44272C2DADC10023B8DA /* Watch.entitlements */ = {isa = PBXFileReference; lastKnownFileType = text.plist.entitlements; path = Watch.entitlements; sourceTree = "<group>"; };
		CE5F44282C2DADD20023B8DA /* Info.plist */ = {isa = PBXFileReference; lastKnownFileType = text.plist; path = Info.plist; sourceTree = "<group>"; };
		CE6610482C23676C006E824D /* VolumeMeasurement.swift */ = {isa = PBXFileReference; lastKnownFileType = sourcecode.swift; path = VolumeMeasurement.swift; sourceTree = "<group>"; };
		CE66104A2C236823006E824D /* AlcoholStrength.swift */ = {isa = PBXFileReference; lastKnownFileType = sourcecode.swift; path = AlcoholStrength.swift; sourceTree = "<group>"; };
		CE66104D2C24C7A2006E824D /* Date+Extensions.swift */ = {isa = PBXFileReference; lastKnownFileType = sourcecode.swift; path = "Date+Extensions.swift"; sourceTree = "<group>"; };
		CE7BDF322C2C850100D260F1 /* QuickEntryViewWatch.swift */ = {isa = PBXFileReference; lastKnownFileType = sourcecode.swift; path = QuickEntryViewWatch.swift; sourceTree = "<group>"; };
		CE866B672C1B354D00461411 /* DataSynchronizer.swift */ = {isa = PBXFileReference; lastKnownFileType = sourcecode.swift; path = DataSynchronizer.swift; sourceTree = "<group>"; };
		CEB911BA2BD98A7F00224660 /* CalculatorScreen.swift */ = {isa = PBXFileReference; lastKnownFileType = sourcecode.swift; path = CalculatorScreen.swift; sourceTree = "<group>"; };
		CEB911BE2BDAA73300224660 /* CustomDrinkScreen.swift */ = {isa = PBXFileReference; lastKnownFileType = sourcecode.swift; path = CustomDrinkScreen.swift; sourceTree = "<group>"; };
		CEB911C32BDBF68900224660 /* DrinkTracker.entitlements */ = {isa = PBXFileReference; lastKnownFileType = text.plist.entitlements; path = DrinkTracker.entitlements; sourceTree = "<group>"; };
		CEB911C42BDBF9E300224660 /* Info.plist */ = {isa = PBXFileReference; lastKnownFileType = text.plist; path = Info.plist; sourceTree = "<group>"; };
		CEC70BA02C07A35400273E1D /* DailyTotal.swift */ = {isa = PBXFileReference; lastKnownFileType = sourcecode.swift; path = DailyTotal.swift; sourceTree = "<group>"; };
		CED1BC522C2200EF004F45FC /* StreakCalculator.swift */ = {isa = PBXFileReference; lastKnownFileType = sourcecode.swift; path = StreakCalculator.swift; sourceTree = "<group>"; };
		CEEDC17B2BEBAE420019DF65 /* DrinksHistoryScreen.swift */ = {isa = PBXFileReference; lastKnownFileType = sourcecode.swift; path = DrinksHistoryScreen.swift; sourceTree = "<group>"; };
		CEEDC17D2BEBC47B0019DF65 /* DrinkRecordDetailScreen.swift */ = {isa = PBXFileReference; lastKnownFileType = sourcecode.swift; path = DrinkRecordDetailScreen.swift; sourceTree = "<group>"; };
		CEF32C382C25F81500E40213 /* Watch.app */ = {isa = PBXFileReference; explicitFileType = wrapper.application; includeInIndex = 0; path = Watch.app; sourceTree = BUILT_PRODUCTS_DIR; };
		CEF32C3A2C25F81500E40213 /* DrinkTrackerWatchApp.swift */ = {isa = PBXFileReference; lastKnownFileType = sourcecode.swift; path = DrinkTrackerWatchApp.swift; sourceTree = "<group>"; };
		CEF32C3C2C25F81500E40213 /* ContentView.swift */ = {isa = PBXFileReference; lastKnownFileType = sourcecode.swift; path = ContentView.swift; sourceTree = "<group>"; };
		CEF32C3E2C25F81700E40213 /* Assets.xcassets */ = {isa = PBXFileReference; lastKnownFileType = folder.assetcatalog; path = Assets.xcassets; sourceTree = "<group>"; };
		CEF32C412C25F81700E40213 /* Preview Assets.xcassets */ = {isa = PBXFileReference; lastKnownFileType = folder.assetcatalog; path = "Preview Assets.xcassets"; sourceTree = "<group>"; };
		CEF32C472C25F81700E40213 /* WatchTests.xctest */ = {isa = PBXFileReference; explicitFileType = wrapper.cfbundle; includeInIndex = 0; path = WatchTests.xctest; sourceTree = BUILT_PRODUCTS_DIR; };
		CEF32C4B2C25F81700E40213 /* DrinkTrackerWatch_Watch_AppTests.swift */ = {isa = PBXFileReference; lastKnownFileType = sourcecode.swift; path = DrinkTrackerWatch_Watch_AppTests.swift; sourceTree = "<group>"; };
		CEFEF50C2DFB58200056E83A /* AppDelegate.swift */ = {isa = PBXFileReference; lastKnownFileType = sourcecode.swift; path = AppDelegate.swift; sourceTree = "<group>"; };
		CEFEF50E2DFB583A0056E83A /* SceneDelegate.swift */ = {isa = PBXFileReference; lastKnownFileType = sourcecode.swift; path = SceneDelegate.swift; sourceTree = "<group>"; };
		CEFEF5102DFB58770056E83A /* QuickActionHandler.swift */ = {isa = PBXFileReference; lastKnownFileType = sourcecode.swift; path = QuickActionHandler.swift; sourceTree = "<group>"; };
		CEFEF5132DFB58B30056E83A /* QuickActionType.swift */ = {isa = PBXFileReference; lastKnownFileType = sourcecode.swift; path = QuickActionType.swift; sourceTree = "<group>"; };
		CEFEF5162DFB62A70056E83A /* Destination.swift */ = {isa = PBXFileReference; lastKnownFileType = sourcecode.swift; path = Destination.swift; sourceTree = "<group>"; };
		CEFEF5192E01F2440056E83A /* AppRouter.swift */ = {isa = PBXFileReference; lastKnownFileType = sourcecode.swift; path = AppRouter.swift; sourceTree = "<group>"; };
		CEFEF51D2E03371B0056E83A /* navigation_docs.md */ = {isa = PBXFileReference; lastKnownFileType = net.daringfireball.markdown; path = navigation_docs.md; sourceTree = "<group>"; };
/* End PBXFileReference section */

/* Begin PBXFrameworksBuildPhase section */
		CE41698E2BD97FB10028D64A /* Frameworks */ = {
			isa = PBXFrameworksBuildPhase;
			buildActionMask = 2147483647;
			files = (
			);
			runOnlyForDeploymentPostprocessing = 0;
		};
		CE4169A02BD97FB30028D64A /* Frameworks */ = {
			isa = PBXFrameworksBuildPhase;
			buildActionMask = 2147483647;
			files = (
			);
			runOnlyForDeploymentPostprocessing = 0;
		};
		CEF32C352C25F81500E40213 /* Frameworks */ = {
			isa = PBXFrameworksBuildPhase;
			buildActionMask = 2147483647;
			files = (
			);
			runOnlyForDeploymentPostprocessing = 0;
		};
		CEF32C442C25F81700E40213 /* Frameworks */ = {
			isa = PBXFrameworksBuildPhase;
			buildActionMask = 2147483647;
			files = (
			);
			runOnlyForDeploymentPostprocessing = 0;
		};
/* End PBXFrameworksBuildPhase section */

/* Begin PBXGroup section */
		CE3DACE42BDFD48400BB52EA /* MainScreen */ = {
			isa = PBXGroup;
			children = (
				CE1E00D42E03414100331C7D /* ActionsSection.swift */,
				CE1E00D12E03411D00331C7D /* StreaksSection.swift */,
				CE1E00CE2E0340F800331C7D /* LimitsSection.swift */,
				CE3DACE52BDFD49A00BB52EA /* ChartView.swift */,
				CE1E00C82E03407500331C7D /* DrinkLimitCalculator.swift */,
				CE4169962BD97FB10028D64A /* MainScreen.swift */,
				CE1E00D72E03462E00331C7D /* MainScreenBusinessLogic.swift */,
			);
			path = MainScreen;
			sourceTree = "<group>";
		};
		CE3DACE72BDFD57A00BB52EA /* Utilities */ = {
			isa = PBXGroup;
			children = (
				CEFEF5192E01F2440056E83A /* AppRouter.swift */,
				CEFEF5132DFB58B30056E83A /* QuickActionType.swift */,
				CEFEF5102DFB58770056E83A /* QuickActionHandler.swift */,
				CE866B672C1B354D00461411 /* DataSynchronizer.swift */,
				CE3ECA2C2BE92BBF0046E242 /* DrinkCalculator.swift */,
				CE3DACE82BDFD59100BB52EA /* Formatter.swift */,
				CE2638F92BED28CB000B7CDD /* HealthStoreManager.swift */,
				CED1BC522C2200EF004F45FC /* StreakCalculator.swift */,
				CE07BA0F2E041ABE0059CAC6 /* UserDefaultsProviding.swift */,
			);
			path = Utilities;
			sourceTree = "<group>";
		};
		CE4169882BD97FB10028D64A = {
			isa = PBXGroup;
			children = (
				CEFEF51C2E0336F40056E83A /* Documentation */,
				CE4169932BD97FB10028D64A /* Multiplatform */,
				CE4169A62BD97FB30028D64A /* DrinkTrackerTests */,
				CEF32C392C25F81500E40213 /* Watch */,
				CEF32C4A2C25F81700E40213 /* DrinkTrackerWatch Watch AppTests */,
				CE4169922BD97FB10028D64A /* Products */,
			);
			sourceTree = "<group>";
		};
		CE4169922BD97FB10028D64A /* Products */ = {
			isa = PBXGroup;
			children = (
				CE4169912BD97FB10028D64A /* DrinkTracker.app */,
				CE4169A32BD97FB30028D64A /* DrinkTrackerTests.xctest */,
				CEF32C382C25F81500E40213 /* Watch.app */,
				CEF32C472C25F81700E40213 /* WatchTests.xctest */,
			);
			name = Products;
			sourceTree = "<group>";
		};
		CE4169932BD97FB10028D64A /* Multiplatform */ = {
			isa = PBXGroup;
			children = (
				CEB911C32BDBF68900224660 /* DrinkTracker.entitlements */,
				CEB911C42BDBF9E300224660 /* Info.plist */,
				CEFEF50C2DFB58200056E83A /* AppDelegate.swift */,
				CEFEF50E2DFB583A0056E83A /* SceneDelegate.swift */,
				CE4169942BD97FB10028D64A /* DrinkTrackerApp.swift */,
				CE52A1ED2C0106D000BAEBF3 /* IngredientCell.swift */,
				CE3DACEC2BDFE62000BB52EA /* SettingsScreen.swift */,
				CE41699A2BD97FB30028D64A /* Assets.xcassets */,
				CEFE3E622C3D7D5800B0D96A /* DrinksHistory */,
				CE66104C2C24C78C006E824D /* Extensions */,
				CE3DACE42BDFD48400BB52EA /* MainScreen */,
				CE4169C32BD981A10028D64A /* Models */,
				CE41699C2BD97FB30028D64A /* Preview Content */,
				CE55F3CC2C1F62C400E3982B /* RecordDrinks */,
				CE3DACE72BDFD57A00BB52EA /* Utilities */,
			);
			path = Multiplatform;
			sourceTree = "<group>";
		};
		CE41699C2BD97FB30028D64A /* Preview Content */ = {
			isa = PBXGroup;
			children = (
				CE41699D2BD97FB30028D64A /* Preview Assets.xcassets */,
			);
			path = "Preview Content";
			sourceTree = "<group>";
		};
		CE4169A62BD97FB30028D64A /* DrinkTrackerTests */ = {
			isa = PBXGroup;
			children = (
				CE3ECA2E2BE92BD30046E242 /* DrinkCalculatorTests.swift */,
				CE52A1F12C010DC800BAEBF3 /* IngredientTests.swift */,
				CE07BA0D2E0351510059CAC6 /* StreakCalculatorTests.swift */,
				CE1E00DC2E034B3800331C7D /* MainScreenBusinessLogicTests.swift */,
			);
			path = DrinkTrackerTests;
			sourceTree = "<group>";
		};
		CE4169C32BD981A10028D64A /* Models */ = {
			isa = PBXGroup;
			children = (
				CE07BA122E05AF930059CAC6 /* SyncConflict.swift */,
				CE07BA132E05AF930059CAC6 /* UserSettings.swift */,
				CE4169C42BD984C40028D64A /* CustomDrink.swift */,
				CEC70BA02C07A35400273E1D /* DailyTotal.swift */,
				CE05229C2C0F6A4200840AB9 /* Day.swift */,
				CE4169982BD97FB10028D64A /* DrinkRecord.swift */,
				CE3ECA302BE956BB0046E242 /* Ingredient.swift */,
				CE6610482C23676C006E824D /* VolumeMeasurement.swift */,
				CE66104A2C236823006E824D /* AlcoholStrength.swift */,
				CEFEF5162DFB62A70056E83A /* Destination.swift */,
			);
			path = Models;
			sourceTree = "<group>";
		};
		CE55F3CC2C1F62C400E3982B /* RecordDrinks */ = {
			isa = PBXGroup;
			children = (
				CEB911BA2BD98A7F00224660 /* CalculatorScreen.swift */,
				CEB911BE2BDAA73300224660 /* CustomDrinkScreen.swift */,
				CE55F3D02C1F65CF00E3982B /* QuickEntryView.swift */,
			);
			path = RecordDrinks;
			sourceTree = "<group>";
		};
		CE66104C2C24C78C006E824D /* Extensions */ = {
			isa = PBXGroup;
			children = (
				CE66104D2C24C7A2006E824D /* Date+Extensions.swift */,
				CE1E00C92E03407500331C7D /* DrinkRecord+Extensions.swift */,
			);
			path = Extensions;
			sourceTree = "<group>";
		};
		CEF32C392C25F81500E40213 /* Watch */ = {
			isa = PBXGroup;
			children = (
				CE5F44272C2DADC10023B8DA /* Watch.entitlements */,
				CE5F44282C2DADD20023B8DA /* Info.plist */,
				CEF32C3C2C25F81500E40213 /* ContentView.swift */,
				CE461A1A2C2DA191008E6E1B /* CustomDrinkScreenWatch.swift */,
				CE59F00C2C3C6ECB000C8630 /* DrinksHistoryScreenWatch.swift */,
				CEF32C3A2C25F81500E40213 /* DrinkTrackerWatchApp.swift */,
				CE7BDF322C2C850100D260F1 /* QuickEntryViewWatch.swift */,
				CE59F00E2C3D5DB1000C8630 /* SettingsScreenWatch.swift */,
				CEF32C3E2C25F81700E40213 /* Assets.xcassets */,
				CEF32C402C25F81700E40213 /* Preview Content */,
			);
			path = Watch;
			sourceTree = "<group>";
		};
		CEF32C402C25F81700E40213 /* Preview Content */ = {
			isa = PBXGroup;
			children = (
				CEF32C412C25F81700E40213 /* Preview Assets.xcassets */,
			);
			path = "Preview Content";
			sourceTree = "<group>";
		};
		CEF32C4A2C25F81700E40213 /* DrinkTrackerWatch Watch AppTests */ = {
			isa = PBXGroup;
			children = (
				CEF32C4B2C25F81700E40213 /* DrinkTrackerWatch_Watch_AppTests.swift */,
			);
			path = "DrinkTrackerWatch Watch AppTests";
			sourceTree = "<group>";
		};
		CEFE3E622C3D7D5800B0D96A /* DrinksHistory */ = {
			isa = PBXGroup;
			children = (
				CEEDC17B2BEBAE420019DF65 /* DrinksHistoryScreen.swift */,
				CEEDC17D2BEBC47B0019DF65 /* DrinkRecordDetailScreen.swift */,
			);
			path = DrinksHistory;
			sourceTree = "<group>";
		};
		CEFEF51C2E0336F40056E83A /* Documentation */ = {
			isa = PBXGroup;
			children = (
				CEFEF51D2E03371B0056E83A /* navigation_docs.md */,
			);
			path = Documentation;
			sourceTree = "<group>";
		};
/* End PBXGroup section */

/* Begin PBXNativeTarget section */
		CE4169902BD97FB10028D64A /* DrinkTracker */ = {
			isa = PBXNativeTarget;
			buildConfigurationList = CE4169B72BD97FB30028D64A /* Build configuration list for PBXNativeTarget "DrinkTracker" */;
			buildPhases = (
				CE41698D2BD97FB10028D64A /* Sources */,
				CE41698E2BD97FB10028D64A /* Frameworks */,
				CE41698F2BD97FB10028D64A /* Resources */,
				CEF32C5C2C25F81700E40213 /* Embed Watch Content */,
			);
			buildRules = (
			);
			dependencies = (
				CEF32C5A2C25F81700E40213 /* PBXTargetDependency */,
			);
			name = DrinkTracker;
			packageProductDependencies = (
			);
			productName = DrinkTracker;
			productReference = CE4169912BD97FB10028D64A /* DrinkTracker.app */;
			productType = "com.apple.product-type.application";
		};
		CE4169A22BD97FB30028D64A /* DrinkTrackerTests */ = {
			isa = PBXNativeTarget;
			buildConfigurationList = CE4169BA2BD97FB30028D64A /* Build configuration list for PBXNativeTarget "DrinkTrackerTests" */;
			buildPhases = (
				CE41699F2BD97FB30028D64A /* Sources */,
				CE4169A02BD97FB30028D64A /* Frameworks */,
				CE4169A12BD97FB30028D64A /* Resources */,
			);
			buildRules = (
			);
			dependencies = (
				CE4169A52BD97FB30028D64A /* PBXTargetDependency */,
			);
			name = DrinkTrackerTests;
			productName = DrinkTrackerTests;
			productReference = CE4169A32BD97FB30028D64A /* DrinkTrackerTests.xctest */;
			productType = "com.apple.product-type.bundle.unit-test";
		};
		CEF32C372C25F81500E40213 /* Watch */ = {
			isa = PBXNativeTarget;
			buildConfigurationList = CEF32C632C25F81700E40213 /* Build configuration list for PBXNativeTarget "Watch" */;
			buildPhases = (
				CEF32C342C25F81500E40213 /* Sources */,
				CEF32C352C25F81500E40213 /* Frameworks */,
				CEF32C362C25F81500E40213 /* Resources */,
			);
			buildRules = (
			);
			dependencies = (
			);
			name = Watch;
			productName = "DrinkTrackerWatch Watch App";
			productReference = CEF32C382C25F81500E40213 /* Watch.app */;
			productType = "com.apple.product-type.application";
		};
		CEF32C462C25F81700E40213 /* WatchTests */ = {
			isa = PBXNativeTarget;
			buildConfigurationList = CEF32C642C25F81700E40213 /* Build configuration list for PBXNativeTarget "WatchTests" */;
			buildPhases = (
				CEF32C432C25F81700E40213 /* Sources */,
				CEF32C442C25F81700E40213 /* Frameworks */,
				CEF32C452C25F81700E40213 /* Resources */,
			);
			buildRules = (
			);
			dependencies = (
				CEF32C492C25F81700E40213 /* PBXTargetDependency */,
			);
			name = WatchTests;
			productName = "DrinkTrackerWatch Watch AppTests";
			productReference = CEF32C472C25F81700E40213 /* WatchTests.xctest */;
			productType = "com.apple.product-type.bundle.unit-test";
		};
/* End PBXNativeTarget section */

/* Begin PBXProject section */
		CE4169892BD97FB10028D64A /* Project object */ = {
			isa = PBXProject;
			attributes = {
				BuildIndependentTargetsInParallel = 1;
				LastSwiftUpdateCheck = 1600;
				LastUpgradeCheck = 1530;
				TargetAttributes = {
					CE4169902BD97FB10028D64A = {
						CreatedOnToolsVersion = 15.3;
					};
					CE4169A22BD97FB30028D64A = {
						CreatedOnToolsVersion = 15.3;
						TestTargetID = CE4169902BD97FB10028D64A;
					};
					CEF32C372C25F81500E40213 = {
						CreatedOnToolsVersion = 16.0;
					};
					CEF32C462C25F81700E40213 = {
						CreatedOnToolsVersion = 16.0;
						TestTargetID = CEF32C372C25F81500E40213;
					};
				};
			};
			buildConfigurationList = CE41698C2BD97FB10028D64A /* Build configuration list for PBXProject "DrinkTracker" */;
			compatibilityVersion = "Xcode 14.0";
			developmentRegion = en;
			hasScannedForEncodings = 0;
			knownRegions = (
				en,
				Base,
			);
			mainGroup = CE4169882BD97FB10028D64A;
			packageReferences = (
			);
			productRefGroup = CE4169922BD97FB10028D64A /* Products */;
			projectDirPath = "";
			projectRoot = "";
			targets = (
				CE4169902BD97FB10028D64A /* DrinkTracker */,
				CE4169A22BD97FB30028D64A /* DrinkTrackerTests */,
				CEF32C372C25F81500E40213 /* Watch */,
				CEF32C462C25F81700E40213 /* WatchTests */,
			);
		};
/* End PBXProject section */

/* Begin PBXResourcesBuildPhase section */
		CE41698F2BD97FB10028D64A /* Resources */ = {
			isa = PBXResourcesBuildPhase;
			buildActionMask = 2147483647;
			files = (
				CE41699E2BD97FB30028D64A /* Preview Assets.xcassets in Resources */,
				CE41699B2BD97FB30028D64A /* Assets.xcassets in Resources */,
			);
			runOnlyForDeploymentPostprocessing = 0;
		};
		CE4169A12BD97FB30028D64A /* Resources */ = {
			isa = PBXResourcesBuildPhase;
			buildActionMask = 2147483647;
			files = (
			);
			runOnlyForDeploymentPostprocessing = 0;
		};
		CEF32C362C25F81500E40213 /* Resources */ = {
			isa = PBXResourcesBuildPhase;
			buildActionMask = 2147483647;
			files = (
				CEF32C422C25F81700E40213 /* Preview Assets.xcassets in Resources */,
				CEF32C3F2C25F81700E40213 /* Assets.xcassets in Resources */,
			);
			runOnlyForDeploymentPostprocessing = 0;
		};
		CEF32C452C25F81700E40213 /* Resources */ = {
			isa = PBXResourcesBuildPhase;
			buildActionMask = 2147483647;
			files = (
			);
			runOnlyForDeploymentPostprocessing = 0;
		};
/* End PBXResourcesBuildPhase section */

/* Begin PBXSourcesBuildPhase section */
		CE41698D2BD97FB10028D64A /* Sources */ = {
			isa = PBXSourcesBuildPhase;
			buildActionMask = 2147483647;
			files = (
				CEFEF50D2DFB58240056E83A /* AppDelegate.swift in Sources */,
				CE07BA162E05AF930059CAC6 /* UserSettings.swift in Sources */,
				CE07BA172E05AF930059CAC6 /* SyncConflict.swift in Sources */,
				CE4169C52BD984C40028D64A /* CustomDrink.swift in Sources */,
				CEC70BA12C07A35400273E1D /* DailyTotal.swift in Sources */,
				CEFEF5152DFB58B60056E83A /* QuickActionType.swift in Sources */,
				CE66104B2C236823006E824D /* AlcoholStrength.swift in Sources */,
				CEEDC17E2BEBC47B0019DF65 /* DrinkRecordDetailScreen.swift in Sources */,
				CEFEF5182DFB62A70056E83A /* Destination.swift in Sources */,
				CE3ECA312BE956BB0046E242 /* Ingredient.swift in Sources */,
				CE4169972BD97FB10028D64A /* MainScreen.swift in Sources */,
				CE3DACE92BDFD59100BB52EA /* Formatter.swift in Sources */,
				CE2638FA2BED28CB000B7CDD /* HealthStoreManager.swift in Sources */,
				CEB911BB2BD98A7F00224660 /* CalculatorScreen.swift in Sources */,
				CED1BC532C2200EF004F45FC /* StreakCalculator.swift in Sources */,
				CE4169992BD97FB10028D64A /* DrinkRecord.swift in Sources */,
				CE1E00D32E03411D00331C7D /* StreaksSection.swift in Sources */,
				CE55F3D12C1F65CF00E3982B /* QuickEntryView.swift in Sources */,
				CE1E00D92E03462E00331C7D /* MainScreenBusinessLogic.swift in Sources */,
				CE6610492C23676C006E824D /* VolumeMeasurement.swift in Sources */,
				CEFEF5112DFB587E0056E83A /* QuickActionHandler.swift in Sources */,
				CE07BA102E041ABE0059CAC6 /* UserDefaultsProviding.swift in Sources */,
				CE52A1EE2C0106D000BAEBF3 /* IngredientCell.swift in Sources */,
				CEEDC17C2BEBAE420019DF65 /* DrinksHistoryScreen.swift in Sources */,
				CE1E00CA2E03407500331C7D /* DrinkRecord+Extensions.swift in Sources */,
				CE1E00CB2E03407500331C7D /* DrinkLimitCalculator.swift in Sources */,
				CE1E00D02E0340F800331C7D /* LimitsSection.swift in Sources */,
				CE866B682C1B354D00461411 /* DataSynchronizer.swift in Sources */,
				CE66104E2C24C7A2006E824D /* Date+Extensions.swift in Sources */,
				CE1E00D52E03414100331C7D /* ActionsSection.swift in Sources */,
				CE3DACED2BDFE62000BB52EA /* SettingsScreen.swift in Sources */,
				CE3ECA2D2BE92BBF0046E242 /* DrinkCalculator.swift in Sources */,
				CEFEF50F2DFB583D0056E83A /* SceneDelegate.swift in Sources */,
				CE4169952BD97FB10028D64A /* DrinkTrackerApp.swift in Sources */,
				CEB911BF2BDAA73300224660 /* CustomDrinkScreen.swift in Sources */,
				CE05229D2C0F6A4200840AB9 /* Day.swift in Sources */,
				CEFEF51B2E01F2440056E83A /* AppRouter.swift in Sources */,
				CE3DACE62BDFD49A00BB52EA /* ChartView.swift in Sources */,
			);
			runOnlyForDeploymentPostprocessing = 0;
		};
		CE41699F2BD97FB30028D64A /* Sources */ = {
			isa = PBXSourcesBuildPhase;
			buildActionMask = 2147483647;
			files = (
				CE52A1F22C010DC800BAEBF3 /* IngredientTests.swift in Sources */,
				CE3ECA2F2BE92BD30046E242 /* DrinkCalculatorTests.swift in Sources */,
				CE07BA0E2E0351510059CAC6 /* StreakCalculatorTests.swift in Sources */,
				CE1E00DD2E034B3800331C7D /* MainScreenBusinessLogicTests.swift in Sources */,
			);
			runOnlyForDeploymentPostprocessing = 0;
		};
		CEF32C342C25F81500E40213 /* Sources */ = {
			isa = PBXSourcesBuildPhase;
			buildActionMask = 2147483647;
			files = (
				CE59F00A2C3C6E43000C8630 /* Day.swift in Sources */,
				CE07BA112E041ABE0059CAC6 /* UserDefaultsProviding.swift in Sources */,
				CE1E00D82E03462E00331C7D /* MainScreenBusinessLogic.swift in Sources */,
				CE7BDF362C2C883B00D260F1 /* DailyTotal.swift in Sources */,
				CEFEF51A2E01F2440056E83A /* AppRouter.swift in Sources */,
				CE461A1B2C2DA191008E6E1B /* CustomDrinkScreenWatch.swift in Sources */,
				CE59F00D2C3C6ECB000C8630 /* DrinksHistoryScreenWatch.swift in Sources */,
				CE1E00CF2E0340F800331C7D /* LimitsSection.swift in Sources */,
				CE7BDF352C2C87FC00D260F1 /* StreakCalculator.swift in Sources */,
				CE1E00D22E03411D00331C7D /* StreaksSection.swift in Sources */,
				CE7BDF302C2C83EA00D260F1 /* Formatter.swift in Sources */,
				CE59F00F2C3D5DB1000C8630 /* SettingsScreenWatch.swift in Sources */,
				CE7BDF342C2C87A900D260F1 /* HealthStoreManager.swift in Sources */,
				CEF32C3D2C25F81500E40213 /* ContentView.swift in Sources */,
				CEF32C3B2C25F81500E40213 /* DrinkTrackerWatchApp.swift in Sources */,
				CE1E00D62E03414100331C7D /* ActionsSection.swift in Sources */,
				CE7BDF2D2C2C817700D260F1 /* CustomDrink.swift in Sources */,
				CE7BDF332C2C850100D260F1 /* QuickEntryViewWatch.swift in Sources */,
				CEFEF5122DFB587E0056E83A /* QuickActionHandler.swift in Sources */,
				CE7BDF2F2C2C81A300D260F1 /* Date+Extensions.swift in Sources */,
				CEFEF5172DFB62A70056E83A /* Destination.swift in Sources */,
				CE461A182C2D9919008E6E1B /* DataSynchronizer.swift in Sources */,
				CE07BA142E05AF930059CAC6 /* UserSettings.swift in Sources */,
				CE07BA152E05AF930059CAC6 /* SyncConflict.swift in Sources */,
				CE7BDF2E2C2C818E00D260F1 /* DrinkRecord.swift in Sources */,
				CEFEF5142DFB58B60056E83A /* QuickActionType.swift in Sources */,
				CE1E00CC2E03407500331C7D /* DrinkRecord+Extensions.swift in Sources */,
				CE1E00CD2E03407500331C7D /* DrinkLimitCalculator.swift in Sources */,
			);
			runOnlyForDeploymentPostprocessing = 0;
		};
		CEF32C432C25F81700E40213 /* Sources */ = {
			isa = PBXSourcesBuildPhase;
			buildActionMask = 2147483647;
			files = (
				CEF32C4C2C25F81700E40213 /* DrinkTrackerWatch_Watch_AppTests.swift in Sources */,
			);
			runOnlyForDeploymentPostprocessing = 0;
		};
/* End PBXSourcesBuildPhase section */

/* Begin PBXTargetDependency section */
		CE4169A52BD97FB30028D64A /* PBXTargetDependency */ = {
			isa = PBXTargetDependency;
			target = CE4169902BD97FB10028D64A /* DrinkTracker */;
			targetProxy = CE4169A42BD97FB30028D64A /* PBXContainerItemProxy */;
		};
		CEF32C492C25F81700E40213 /* PBXTargetDependency */ = {
			isa = PBXTargetDependency;
			target = CEF32C372C25F81500E40213 /* Watch */;
			targetProxy = CEF32C482C25F81700E40213 /* PBXContainerItemProxy */;
		};
		CEF32C5A2C25F81700E40213 /* PBXTargetDependency */ = {
			isa = PBXTargetDependency;
			target = CEF32C372C25F81500E40213 /* Watch */;
			targetProxy = CEF32C592C25F81700E40213 /* PBXContainerItemProxy */;
		};
/* End PBXTargetDependency section */

/* Begin XCBuildConfiguration section */
		CE4169B52BD97FB30028D64A /* Debug */ = {
			isa = XCBuildConfiguration;
			buildSettings = {
				ALWAYS_SEARCH_USER_PATHS = NO;
				ASSETCATALOG_COMPILER_GENERATE_SWIFT_ASSET_SYMBOL_EXTENSIONS = YES;
				CLANG_ANALYZER_NONNULL = YES;
				CLANG_ANALYZER_NUMBER_OBJECT_CONVERSION = YES_AGGRESSIVE;
				CLANG_CXX_LANGUAGE_STANDARD = "gnu++20";
				CLANG_ENABLE_MODULES = YES;
				CLANG_ENABLE_OBJC_ARC = YES;
				CLANG_ENABLE_OBJC_WEAK = YES;
				CLANG_WARN_BLOCK_CAPTURE_AUTORELEASING = YES;
				CLANG_WARN_BOOL_CONVERSION = YES;
				CLANG_WARN_COMMA = YES;
				CLANG_WARN_CONSTANT_CONVERSION = YES;
				CLANG_WARN_DEPRECATED_OBJC_IMPLEMENTATIONS = YES;
				CLANG_WARN_DIRECT_OBJC_ISA_USAGE = YES_ERROR;
				CLANG_WARN_DOCUMENTATION_COMMENTS = YES;
				CLANG_WARN_EMPTY_BODY = YES;
				CLANG_WARN_ENUM_CONVERSION = YES;
				CLANG_WARN_INFINITE_RECURSION = YES;
				CLANG_WARN_INT_CONVERSION = YES;
				CLANG_WARN_NON_LITERAL_NULL_CONVERSION = YES;
				CLANG_WARN_OBJC_IMPLICIT_RETAIN_SELF = YES;
				CLANG_WARN_OBJC_LITERAL_CONVERSION = YES;
				CLANG_WARN_OBJC_ROOT_CLASS = YES_ERROR;
				CLANG_WARN_QUOTED_INCLUDE_IN_FRAMEWORK_HEADER = YES;
				CLANG_WARN_RANGE_LOOP_ANALYSIS = YES;
				CLANG_WARN_STRICT_PROTOTYPES = YES;
				CLANG_WARN_SUSPICIOUS_MOVE = YES;
				CLANG_WARN_UNGUARDED_AVAILABILITY = YES_AGGRESSIVE;
				CLANG_WARN_UNREACHABLE_CODE = YES;
				CLANG_WARN__DUPLICATE_METHOD_MATCH = YES;
				COPY_PHASE_STRIP = NO;
				DEBUG_INFORMATION_FORMAT = dwarf;
				ENABLE_STRICT_OBJC_MSGSEND = YES;
				ENABLE_TESTABILITY = YES;
				ENABLE_USER_SCRIPT_SANDBOXING = YES;
				GCC_C_LANGUAGE_STANDARD = gnu17;
				GCC_DYNAMIC_NO_PIC = NO;
				GCC_NO_COMMON_BLOCKS = YES;
				GCC_OPTIMIZATION_LEVEL = 0;
				GCC_PREPROCESSOR_DEFINITIONS = (
					"DEBUG=1",
					"$(inherited)",
				);
				GCC_WARN_64_TO_32_BIT_CONVERSION = YES;
				GCC_WARN_ABOUT_RETURN_TYPE = YES_ERROR;
				GCC_WARN_UNDECLARED_SELECTOR = YES;
				GCC_WARN_UNINITIALIZED_AUTOS = YES_AGGRESSIVE;
				GCC_WARN_UNUSED_FUNCTION = YES;
				GCC_WARN_UNUSED_VARIABLE = YES;
				IPHONEOS_DEPLOYMENT_TARGET = 17.4;
				LOCALIZATION_PREFERS_STRING_CATALOGS = YES;
				MTL_ENABLE_DEBUG_INFO = INCLUDE_SOURCE;
				MTL_FAST_MATH = YES;
				ONLY_ACTIVE_ARCH = YES;
				SDKROOT = iphoneos;
				SWIFT_ACTIVE_COMPILATION_CONDITIONS = "DEBUG $(inherited)";
				SWIFT_OPTIMIZATION_LEVEL = "-Onone";
			};
			name = Debug;
		};
		CE4169B62BD97FB30028D64A /* Release */ = {
			isa = XCBuildConfiguration;
			buildSettings = {
				ALWAYS_SEARCH_USER_PATHS = NO;
				ASSETCATALOG_COMPILER_GENERATE_SWIFT_ASSET_SYMBOL_EXTENSIONS = YES;
				CLANG_ANALYZER_NONNULL = YES;
				CLANG_ANALYZER_NUMBER_OBJECT_CONVERSION = YES_AGGRESSIVE;
				CLANG_CXX_LANGUAGE_STANDARD = "gnu++20";
				CLANG_ENABLE_MODULES = YES;
				CLANG_ENABLE_OBJC_ARC = YES;
				CLANG_ENABLE_OBJC_WEAK = YES;
				CLANG_WARN_BLOCK_CAPTURE_AUTORELEASING = YES;
				CLANG_WARN_BOOL_CONVERSION = YES;
				CLANG_WARN_COMMA = YES;
				CLANG_WARN_CONSTANT_CONVERSION = YES;
				CLANG_WARN_DEPRECATED_OBJC_IMPLEMENTATIONS = YES;
				CLANG_WARN_DIRECT_OBJC_ISA_USAGE = YES_ERROR;
				CLANG_WARN_DOCUMENTATION_COMMENTS = YES;
				CLANG_WARN_EMPTY_BODY = YES;
				CLANG_WARN_ENUM_CONVERSION = YES;
				CLANG_WARN_INFINITE_RECURSION = YES;
				CLANG_WARN_INT_CONVERSION = YES;
				CLANG_WARN_NON_LITERAL_NULL_CONVERSION = YES;
				CLANG_WARN_OBJC_IMPLICIT_RETAIN_SELF = YES;
				CLANG_WARN_OBJC_LITERAL_CONVERSION = YES;
				CLANG_WARN_OBJC_ROOT_CLASS = YES_ERROR;
				CLANG_WARN_QUOTED_INCLUDE_IN_FRAMEWORK_HEADER = YES;
				CLANG_WARN_RANGE_LOOP_ANALYSIS = YES;
				CLANG_WARN_STRICT_PROTOTYPES = YES;
				CLANG_WARN_SUSPICIOUS_MOVE = YES;
				CLANG_WARN_UNGUARDED_AVAILABILITY = YES_AGGRESSIVE;
				CLANG_WARN_UNREACHABLE_CODE = YES;
				CLANG_WARN__DUPLICATE_METHOD_MATCH = YES;
				COPY_PHASE_STRIP = NO;
				DEBUG_INFORMATION_FORMAT = "dwarf-with-dsym";
				ENABLE_NS_ASSERTIONS = NO;
				ENABLE_STRICT_OBJC_MSGSEND = YES;
				ENABLE_USER_SCRIPT_SANDBOXING = YES;
				GCC_C_LANGUAGE_STANDARD = gnu17;
				GCC_NO_COMMON_BLOCKS = YES;
				GCC_WARN_64_TO_32_BIT_CONVERSION = YES;
				GCC_WARN_ABOUT_RETURN_TYPE = YES_ERROR;
				GCC_WARN_UNDECLARED_SELECTOR = YES;
				GCC_WARN_UNINITIALIZED_AUTOS = YES_AGGRESSIVE;
				GCC_WARN_UNUSED_FUNCTION = YES;
				GCC_WARN_UNUSED_VARIABLE = YES;
				IPHONEOS_DEPLOYMENT_TARGET = 17.4;
				LOCALIZATION_PREFERS_STRING_CATALOGS = YES;
				MTL_ENABLE_DEBUG_INFO = NO;
				MTL_FAST_MATH = YES;
				SDKROOT = iphoneos;
				SWIFT_COMPILATION_MODE = wholemodule;
				VALIDATE_PRODUCT = YES;
			};
			name = Release;
		};
		CE4169B82BD97FB30028D64A /* Debug */ = {
			isa = XCBuildConfiguration;
			buildSettings = {
				ASSETCATALOG_COMPILER_APPICON_NAME = AppIcon;
				ASSETCATALOG_COMPILER_GLOBAL_ACCENT_COLOR_NAME = AccentColor;
				CODE_SIGN_ENTITLEMENTS = Multiplatform/DrinkTracker.entitlements;
				CODE_SIGN_STYLE = Automatic;
				CURRENT_PROJECT_VERSION = 1;
				DEVELOPMENT_ASSET_PATHS = "\"Multiplatform/Preview Content\"";
				DEVELOPMENT_TEAM = 84MPEV8978;
				ENABLE_PREVIEWS = YES;
				GENERATE_INFOPLIST_FILE = YES;
				INFOPLIST_FILE = Multiplatform/Info.plist;
				INFOPLIST_KEY_LSApplicationCategoryType = "";
				INFOPLIST_KEY_NSHealthShareUsageDescription = "Your alcoholic beverage consumption is used to update your drinks in Drink Tracker";
				INFOPLIST_KEY_NSHealthUpdateUsageDescription = "Drink Tracker will write your alcoholic beverage consumption to HealthKit";
				INFOPLIST_KEY_UIApplicationSceneManifest_Generation = YES;
				INFOPLIST_KEY_UIApplicationSupportsIndirectInputEvents = YES;
				INFOPLIST_KEY_UILaunchScreen_Generation = YES;
				INFOPLIST_KEY_UISupportedInterfaceOrientations_iPad = "UIInterfaceOrientationPortrait UIInterfaceOrientationPortraitUpsideDown UIInterfaceOrientationLandscapeLeft UIInterfaceOrientationLandscapeRight";
				INFOPLIST_KEY_UISupportedInterfaceOrientations_iPhone = "UIInterfaceOrientationPortrait UIInterfaceOrientationLandscapeLeft UIInterfaceOrientationLandscapeRight";
				LD_RUNPATH_SEARCH_PATHS = (
					"$(inherited)",
					"@executable_path/Frameworks",
				);
				MARKETING_VERSION = 1.0;
				PRODUCT_BUNDLE_IDENTIFIER = com.mikebaldwin.DrinkTracker;
				PRODUCT_NAME = "$(TARGET_NAME)";
				SWIFT_EMIT_LOC_STRINGS = YES;
				SWIFT_STRICT_CONCURRENCY = complete;
				SWIFT_VERSION = 5.0;
				TARGETED_DEVICE_FAMILY = "1,2";
			};
			name = Debug;
		};
		CE4169B92BD97FB30028D64A /* Release */ = {
			isa = XCBuildConfiguration;
			buildSettings = {
				ASSETCATALOG_COMPILER_APPICON_NAME = AppIcon;
				ASSETCATALOG_COMPILER_GLOBAL_ACCENT_COLOR_NAME = AccentColor;
				CODE_SIGN_ENTITLEMENTS = Multiplatform/DrinkTracker.entitlements;
				CODE_SIGN_STYLE = Automatic;
				CURRENT_PROJECT_VERSION = 1;
				DEVELOPMENT_ASSET_PATHS = "\"Multiplatform/Preview Content\"";
				DEVELOPMENT_TEAM = 84MPEV8978;
				ENABLE_PREVIEWS = YES;
				GENERATE_INFOPLIST_FILE = YES;
				INFOPLIST_FILE = Multiplatform/Info.plist;
				INFOPLIST_KEY_LSApplicationCategoryType = "";
				INFOPLIST_KEY_NSHealthShareUsageDescription = "Your alcoholic beverage consumption is used to update your drinks in Drink Tracker";
				INFOPLIST_KEY_NSHealthUpdateUsageDescription = "Drink Tracker will write your alcoholic beverage consumption to HealthKit";
				INFOPLIST_KEY_UIApplicationSceneManifest_Generation = YES;
				INFOPLIST_KEY_UIApplicationSupportsIndirectInputEvents = YES;
				INFOPLIST_KEY_UILaunchScreen_Generation = YES;
				INFOPLIST_KEY_UISupportedInterfaceOrientations_iPad = "UIInterfaceOrientationPortrait UIInterfaceOrientationPortraitUpsideDown UIInterfaceOrientationLandscapeLeft UIInterfaceOrientationLandscapeRight";
				INFOPLIST_KEY_UISupportedInterfaceOrientations_iPhone = "UIInterfaceOrientationPortrait UIInterfaceOrientationLandscapeLeft UIInterfaceOrientationLandscapeRight";
				LD_RUNPATH_SEARCH_PATHS = (
					"$(inherited)",
					"@executable_path/Frameworks",
				);
				MARKETING_VERSION = 1.0;
				PRODUCT_BUNDLE_IDENTIFIER = com.mikebaldwin.DrinkTracker;
				PRODUCT_NAME = "$(TARGET_NAME)";
				SWIFT_EMIT_LOC_STRINGS = YES;
				SWIFT_STRICT_CONCURRENCY = complete;
				SWIFT_VERSION = 5.0;
				TARGETED_DEVICE_FAMILY = "1,2";
			};
			name = Release;
		};
		CE4169BB2BD97FB30028D64A /* Debug */ = {
			isa = XCBuildConfiguration;
			buildSettings = {
				BUNDLE_LOADER = "$(TEST_HOST)";
				CODE_SIGN_STYLE = Automatic;
				CURRENT_PROJECT_VERSION = 1;
				DEVELOPMENT_TEAM = 84MPEV8978;
				GENERATE_INFOPLIST_FILE = YES;
				IPHONEOS_DEPLOYMENT_TARGET = 17.4;
				MARKETING_VERSION = 1.0;
				PRODUCT_BUNDLE_IDENTIFIER = com.mikebaldwin.DrinkTrackerTests;
				PRODUCT_NAME = "$(TARGET_NAME)";
				SWIFT_EMIT_LOC_STRINGS = NO;
				SWIFT_VERSION = 5.0;
				TARGETED_DEVICE_FAMILY = "1,2";
				TEST_HOST = "$(BUILT_PRODUCTS_DIR)/DrinkTracker.app/$(BUNDLE_EXECUTABLE_FOLDER_PATH)/DrinkTracker";
			};
			name = Debug;
		};
		CE4169BC2BD97FB30028D64A /* Release */ = {
			isa = XCBuildConfiguration;
			buildSettings = {
				BUNDLE_LOADER = "$(TEST_HOST)";
				CODE_SIGN_STYLE = Automatic;
				CURRENT_PROJECT_VERSION = 1;
				DEVELOPMENT_TEAM = 84MPEV8978;
				GENERATE_INFOPLIST_FILE = YES;
				IPHONEOS_DEPLOYMENT_TARGET = 17.4;
				MARKETING_VERSION = 1.0;
				PRODUCT_BUNDLE_IDENTIFIER = com.mikebaldwin.DrinkTrackerTests;
				PRODUCT_NAME = "$(TARGET_NAME)";
				SWIFT_EMIT_LOC_STRINGS = NO;
				SWIFT_VERSION = 5.0;
				TARGETED_DEVICE_FAMILY = "1,2";
				TEST_HOST = "$(BUILT_PRODUCTS_DIR)/DrinkTracker.app/$(BUNDLE_EXECUTABLE_FOLDER_PATH)/DrinkTracker";
			};
			name = Release;
		};
		CEF32C5D2C25F81700E40213 /* Debug */ = {
			isa = XCBuildConfiguration;
			buildSettings = {
				ASSETCATALOG_COMPILER_APPICON_NAME = AppIcon;
				ASSETCATALOG_COMPILER_GLOBAL_ACCENT_COLOR_NAME = AccentColor;
				CODE_SIGN_ENTITLEMENTS = Watch/Watch.entitlements;
				CODE_SIGN_STYLE = Automatic;
				CURRENT_PROJECT_VERSION = 1;
				DEVELOPMENT_ASSET_PATHS = "\"Watch/Preview Content\"";
				DEVELOPMENT_TEAM = 84MPEV8978;
				ENABLE_PREVIEWS = YES;
				GENERATE_INFOPLIST_FILE = YES;
				INFOPLIST_FILE = Watch/Info.plist;
				INFOPLIST_KEY_CFBundleDisplayName = DrinkTrackerWatch;
				INFOPLIST_KEY_NSHealthShareUsageDescription = "Your alcoholic beverage consumption is used to update your drinks in Drink Tracker";
				INFOPLIST_KEY_NSHealthUpdateUsageDescription = "Drink Tracker will write your alcoholic beverage consumption to HealthKit";
				INFOPLIST_KEY_UISupportedInterfaceOrientations = "UIInterfaceOrientationPortrait UIInterfaceOrientationPortraitUpsideDown";
				INFOPLIST_KEY_WKCompanionAppBundleIdentifier = com.mikebaldwin.DrinkTracker;
				LD_RUNPATH_SEARCH_PATHS = (
					"$(inherited)",
					"@executable_path/Frameworks",
				);
				MARKETING_VERSION = 1.0;
				PRODUCT_BUNDLE_IDENTIFIER = com.mikebaldwin.DrinkTracker.watchkitapp;
				PRODUCT_NAME = "$(TARGET_NAME)";
				SDKROOT = watchos;
				SKIP_INSTALL = YES;
				SWIFT_EMIT_LOC_STRINGS = YES;
				SWIFT_VERSION = 5.0;
				TARGETED_DEVICE_FAMILY = 4;
				WATCHOS_DEPLOYMENT_TARGET = 10.2;
			};
			name = Debug;
		};
		CEF32C5E2C25F81700E40213 /* Release */ = {
			isa = XCBuildConfiguration;
			buildSettings = {
				ASSETCATALOG_COMPILER_APPICON_NAME = AppIcon;
				ASSETCATALOG_COMPILER_GLOBAL_ACCENT_COLOR_NAME = AccentColor;
				CODE_SIGN_ENTITLEMENTS = Watch/Watch.entitlements;
				CODE_SIGN_STYLE = Automatic;
				CURRENT_PROJECT_VERSION = 1;
				DEVELOPMENT_ASSET_PATHS = "\"Watch/Preview Content\"";
				DEVELOPMENT_TEAM = 84MPEV8978;
				ENABLE_PREVIEWS = YES;
				GENERATE_INFOPLIST_FILE = YES;
				INFOPLIST_FILE = Watch/Info.plist;
				INFOPLIST_KEY_CFBundleDisplayName = DrinkTrackerWatch;
				INFOPLIST_KEY_NSHealthShareUsageDescription = "Your alcoholic beverage consumption is used to update your drinks in Drink Tracker";
				INFOPLIST_KEY_NSHealthUpdateUsageDescription = "Drink Tracker will write your alcoholic beverage consumption to HealthKit";
				INFOPLIST_KEY_UISupportedInterfaceOrientations = "UIInterfaceOrientationPortrait UIInterfaceOrientationPortraitUpsideDown";
				INFOPLIST_KEY_WKCompanionAppBundleIdentifier = com.mikebaldwin.DrinkTracker;
				LD_RUNPATH_SEARCH_PATHS = (
					"$(inherited)",
					"@executable_path/Frameworks",
				);
				MARKETING_VERSION = 1.0;
				PRODUCT_BUNDLE_IDENTIFIER = com.mikebaldwin.DrinkTracker.watchkitapp;
				PRODUCT_NAME = "$(TARGET_NAME)";
				SDKROOT = watchos;
				SKIP_INSTALL = YES;
				SWIFT_EMIT_LOC_STRINGS = YES;
				SWIFT_VERSION = 5.0;
				TARGETED_DEVICE_FAMILY = 4;
				WATCHOS_DEPLOYMENT_TARGET = 10.2;
			};
			name = Release;
		};
		CEF32C5F2C25F81700E40213 /* Debug */ = {
			isa = XCBuildConfiguration;
			buildSettings = {
				BUNDLE_LOADER = "$(TEST_HOST)";
				CODE_SIGN_STYLE = Automatic;
				CURRENT_PROJECT_VERSION = 1;
				DEVELOPMENT_TEAM = 84MPEV8978;
				GENERATE_INFOPLIST_FILE = YES;
				MARKETING_VERSION = 1.0;
				PRODUCT_BUNDLE_IDENTIFIER = "com.mikebaldwin.DrinkTrackerWatch-Watch-AppTests";
				PRODUCT_NAME = "$(TARGET_NAME)";
				SDKROOT = watchos;
				SWIFT_EMIT_LOC_STRINGS = NO;
				SWIFT_VERSION = 5.0;
				TARGETED_DEVICE_FAMILY = 4;
				TEST_HOST = "$(BUILT_PRODUCTS_DIR)/DrinkTrackerWatch Watch App.app/$(BUNDLE_EXECUTABLE_FOLDER_PATH)/DrinkTrackerWatch Watch App";
				WATCHOS_DEPLOYMENT_TARGET = 11.0;
			};
			name = Debug;
		};
		CEF32C602C25F81700E40213 /* Release */ = {
			isa = XCBuildConfiguration;
			buildSettings = {
				BUNDLE_LOADER = "$(TEST_HOST)";
				CODE_SIGN_STYLE = Automatic;
				CURRENT_PROJECT_VERSION = 1;
				DEVELOPMENT_TEAM = 84MPEV8978;
				GENERATE_INFOPLIST_FILE = YES;
				MARKETING_VERSION = 1.0;
				PRODUCT_BUNDLE_IDENTIFIER = "com.mikebaldwin.DrinkTrackerWatch-Watch-AppTests";
				PRODUCT_NAME = "$(TARGET_NAME)";
				SDKROOT = watchos;
				SWIFT_EMIT_LOC_STRINGS = NO;
				SWIFT_VERSION = 5.0;
				TARGETED_DEVICE_FAMILY = 4;
				TEST_HOST = "$(BUILT_PRODUCTS_DIR)/DrinkTrackerWatch Watch App.app/$(BUNDLE_EXECUTABLE_FOLDER_PATH)/DrinkTrackerWatch Watch App";
				WATCHOS_DEPLOYMENT_TARGET = 11.0;
			};
			name = Release;
		};
/* End XCBuildConfiguration section */

/* Begin XCConfigurationList section */
		CE41698C2BD97FB10028D64A /* Build configuration list for PBXProject "DrinkTracker" */ = {
			isa = XCConfigurationList;
			buildConfigurations = (
				CE4169B52BD97FB30028D64A /* Debug */,
				CE4169B62BD97FB30028D64A /* Release */,
			);
			defaultConfigurationIsVisible = 0;
			defaultConfigurationName = Release;
		};
		CE4169B72BD97FB30028D64A /* Build configuration list for PBXNativeTarget "DrinkTracker" */ = {
			isa = XCConfigurationList;
			buildConfigurations = (
				CE4169B82BD97FB30028D64A /* Debug */,
				CE4169B92BD97FB30028D64A /* Release */,
			);
			defaultConfigurationIsVisible = 0;
			defaultConfigurationName = Release;
		};
		CE4169BA2BD97FB30028D64A /* Build configuration list for PBXNativeTarget "DrinkTrackerTests" */ = {
			isa = XCConfigurationList;
			buildConfigurations = (
				CE4169BB2BD97FB30028D64A /* Debug */,
				CE4169BC2BD97FB30028D64A /* Release */,
			);
			defaultConfigurationIsVisible = 0;
			defaultConfigurationName = Release;
		};
		CEF32C632C25F81700E40213 /* Build configuration list for PBXNativeTarget "Watch" */ = {
			isa = XCConfigurationList;
			buildConfigurations = (
				CEF32C5D2C25F81700E40213 /* Debug */,
				CEF32C5E2C25F81700E40213 /* Release */,
			);
			defaultConfigurationIsVisible = 0;
			defaultConfigurationName = Release;
		};
		CEF32C642C25F81700E40213 /* Build configuration list for PBXNativeTarget "WatchTests" */ = {
			isa = XCConfigurationList;
			buildConfigurations = (
				CEF32C5F2C25F81700E40213 /* Debug */,
				CEF32C602C25F81700E40213 /* Release */,
			);
			defaultConfigurationIsVisible = 0;
			defaultConfigurationName = Release;
		};
/* End XCConfigurationList section */
	};
	rootObject = CE4169892BD97FB10028D64A /* Project object */;
}
